
Microsoft Visual Studio Solution File, Format Version 12.00
# Visual Studio Version 16
VisualStudioVersion = 16.0.30717.126
MinimumVisualStudioVersion = 10.0.40219.1
Project("{9A19103F-16F7-4668-BE54-9A1E7A4F7556}") = "Gameshop_AdoNet", "Gameshop_AdoNet\Gameshop_AdoNet.csproj", "{1F0FAE15-C41E-4DD8-B040-068C38C105E1}"
EndProject
Project("{9A19103F-16F7-4668-BE54-9A1E7A4F7556}") = "Gameshop_Dapper", "Gameshop_Dapper\Gameshop_Dapper.csproj", "{5A161207-D0E1-4791-A2B4-62B4B21D7D6D}"
EndProject
Project("{9A19103F-16F7-4668-BE54-9A1E7A4F7556}") = "Gameshop_EFCore", "Gameshop_EFCore\Gameshop_EFCore.csproj", "{CB1E668D-AD81-4582-8C87-590CDDAACA8A}"
EndProject
Global
	GlobalSection(SolutionConfigurationPlatforms) = preSolution
		Debug|Any CPU = Debug|Any CPU
		Release|Any CPU = Release|Any CPU
	EndGlobalSection
	GlobalSection(ProjectConfigurationPlatforms) = postSolution
		{1F0FAE15-C41E-4DD8-B040-068C38C105E1}.Debug|Any CPU.ActiveCfg = Debug|Any CPU
		{1F0FAE15-C41E-4DD8-B040-068C38C105E1}.Debug|Any CPU.Build.0 = Debug|Any CPU
		{1F0FAE15-C41E-4DD8-B040-068C38C105E1}.Release|Any CPU.ActiveCfg = Release|Any CPU
		{1F0FAE15-C41E-4DD8-B040-068C38C105E1}.Release|Any CPU.Build.0 = Release|Any CPU
		{5A161207-D0E1-4791-A2B4-62B4B21D7D6D}.Debug|Any CPU.ActiveCfg = Debug|Any CPU
		{5A161207-D0E1-4791-A2B4-62B4B21D7D6D}.Debug|Any CPU.Build.0 = Debug|Any CPU
		{5A161207-D0E1-4791-A2B4-62B4B21D7D6D}.Release|Any CPU.ActiveCfg = Release|Any CPU
		{5A161207-D0E1-4791-A2B4-62B4B21D7D6D}.Release|Any CPU.Build.0 = Release|Any CPU
		{CB1E668D-AD81-4582-8C87-590CDDAACA8A}.Debug|Any CPU.ActiveCfg = Debug|Any CPU
		{CB1E668D-AD81-4582-8C87-590CDDAACA8A}.Debug|Any CPU.Build.0 = Debug|Any CPU
		{CB1E668D-AD81-4582-8C87-590CDDAACA8A}.Release|Any CPU.ActiveCfg = Release|Any CPU
		{CB1E668D-AD81-4582-8C87-590CDDAACA8A}.Release|Any CPU.Build.0 = Release|Any CPU
	EndGlobalSection
	GlobalSection(SolutionProperties) = preSolution
		HideSolutionNode = FALSE
	EndGlobalSection
	GlobalSection(ExtensibilityGlobals) = postSolution
		SolutionGuid = {D881D26D-9C62-4176-89A4-2FF2A7EEDCAB}
	EndGlobalSection
EndGlobal
